{
  "name": "terminal",
  "version": "0.0.1",
  "lockfileVersion": 3,
  "requires": true,
  "packages": {
    "": {
      "name": "terminal",
      "version": "0.0.1",
      "license": "EPL-2.0",
      "dependencies": {
        "fs-extra": "^11.2.0",
        "js-yaml": "^4.1.0",
        "vscode-nls": "^5.2.0",
        "ws": "8.2.3"
      },
      "devDependencies": {
        "@types/fs-extra": "^9.0.13",
        "@types/js-yaml": "^4.0.5",
        "@types/ws": "8.2.0"
      },
      "engines": {
        "vscode": "^1.72.0"
      }
    },
    "node_modules/@types/fs-extra": {
      "version": "9.0.13",
      "dev": true,
      "license": "MIT",
      "dependencies": {
        "@types/node": "*"
      }
    },
    "node_modules/@types/js-yaml": {
      "version": "4.0.5",
      "dev": true,
      "license": "MIT"
    },
    "node_modules/@types/node": {
      "version": "18.7.15",
      "dev": true,
      "license": "MIT"
    },
    "node_modules/@types/ws": {
      "version": "8.2.0",
      "dev": true,
      "license": "MIT",
      "dependencies": {
        "@types/node": "*"
      }
    },
    "node_modules/argparse": {
      "version": "2.0.1",
      "license": "Python-2.0"
    },
    "node_modules/fs-extra": {
      "version": "11.2.0",
      "resolved": "https://registry.npmjs.org/fs-extra/-/fs-extra-11.2.0.tgz",
      "integrity": "sha512-PmDi3uwK5nFuXh7XDTlVnS17xJS7vW36is2+w3xcv8SVxiB4NyATf4ctkVY5bkSjX0Y4nbvZCq1/EjtEyr9ktw==",
      "dependencies": {
        "graceful-fs": "^4.2.0",
        "jsonfile": "^6.0.1",
        "universalify": "^2.0.0"
      },
      "engines": {
        "node": ">=14.14"
      }
    },
    "node_modules/graceful-fs": {
      "version": "4.2.10",
      "license": "ISC"
    },
    "node_modules/js-yaml": {
      "version": "4.1.0",
      "license": "MIT",
      "dependencies": {
        "argparse": "^2.0.1"
      },
      "bin": {
        "js-yaml": "bin/js-yaml.js"
      }
    },
    "node_modules/jsonfile": {
      "version": "6.1.0",
      "license": "MIT",
      "dependencies": {
        "universalify": "^2.0.0"
      },
      "optionalDependencies": {
        "graceful-fs": "^4.1.6"
      }
    },
    "node_modules/universalify": {
      "version": "2.0.0",
      "license": "MIT",
      "engines": {
        "node": ">= 10.0.0"
      }
    },
    "node_modules/vscode-nls": {
      "version": "5.2.0",
      "license": "MIT"
    },
    "node_modules/ws": {
      "version": "8.2.3",
      "license": "MIT",
      "engines": {
        "node": ">=10.0.0"
      },
      "peerDependencies": {
        "bufferutil": "^4.0.1",
        "utf-8-validate": "^5.0.2"
      },
      "peerDependenciesMeta": {
        "bufferutil": {
          "optional": true
        },
        "utf-8-validate": {
          "optional": true
        }
      }
    }
  }
}
