# THIS IS AN AUTOGENERATED FILE. DO NOT EDIT THIS FILE DIRECTLY.
# yarn lockfile v1


node-gyp@9.4.1:
  version "9.4.1"
  resolved "https://registry.npmjs.org/node-gyp/-/node-gyp-9.4.1.tgz#8a1023e0d6766ecb52764cc3a734b36ff275e185"
  integrity sha512-OQkWKbjQKbGkMf/xqI1jjy3oCTgMKJac58G2+bjZb3fza6gW2YrCSdMQYaoTb70crvE//Gngr4f0AgVHmqHvBQ==
  dependencies:
    env-paths "^2.2.0"
    exponential-backoff "^3.1.1"
    glob "^7.1.4"
    graceful-fs "^4.2.6"
    make-fetch-happen "^10.0.3"
    nopt "^6.0.0"
    npmlog "^6.0.0"
    rimraf "^3.0.2"
    semver "^7.3.5"
    tar "^6.1.2"
    which "^2.0.2"

